<?xml version="1.0" encoding="utf-8"?>
<Project ToolsVersion="4.0" xmlns="http://schemas.microsoft.com/developer/msbuild/2003">
  <ItemGroup>
    <Filter Include="Source Files">
      <UniqueIdentifier>{4FC737F1-C7A5-4376-A066-2A32D752A2FF}</UniqueIdentifier>
      <Extensions>cpp;c;cc;cxx;def;odl;idl;hpj;bat;asm;asmx</Extensions>
    </Filter>
    <Filter Include="Header Files">
      <UniqueIdentifier>{93995380-89BD-4b04-88EB-625FBE52EBFB}</UniqueIdentifier>
      <Extensions>h;hpp;hxx;hm;inl;inc;xsd</Extensions>
    </Filter>
    <Filter Include="Resource Files">
      <UniqueIdentifier>{67DA6AB6-F800-4c08-8B7A-83BB121AAD01}</UniqueIdentifier>
      <Extensions>rc;ico;cur;bmp;dlg;rc2;rct;bin;rgs;gif;jpg;jpeg;jpe;resx;tiff;tif;png;wav;mfcribbon-ms</Extensions>
    </Filter>
    <Filter Include="Sys">
      <UniqueIdentifier>{2bae689a-bf5c-49ec-b3bb-aa86c236238f}</UniqueIdentifier>
    </Filter>
    <Filter Include="Framework">
      <UniqueIdentifier>{5f5af265-20d7-4fb4-b677-73ac5994f671}</UniqueIdentifier>
    </Filter>
    <Filter Include="Framework\Async">
      <UniqueIdentifier>{6fca48af-7045-47d1-9fa4-be2c0c7b7b79}</UniqueIdentifier>
    </Filter>
    <Filter Include="CM">
      <UniqueIdentifier>{0eacd93a-b864-4eb1-8ae8-8adf73d01430}</UniqueIdentifier>
    </Filter>
    <Filter Include="Renderer">
      <UniqueIdentifier>{b58f15f3-36d9-4f09-b278-9165c8cf9787}</UniqueIdentifier>
    </Filter>
    <Filter Include="Sound">
      <UniqueIdentifier>{078d1311-8041-4578-96aa-075ea13c6f98}</UniqueIdentifier>
    </Filter>
    <Filter Include="Tools">
      <UniqueIdentifier>{9ba46f7e-154f-4f33-b32b-530245953994}</UniqueIdentifier>
    </Filter>
    <Filter Include="Ui">
      <UniqueIdentifier>{55825438-d6f4-4463-ae6f-ca5630b98205}</UniqueIdentifier>
    </Filter>
  </ItemGroup>
  <ItemGroup>
    <ClCompile Include="..\framework\Common.cpp">
      <Filter>Framework</Filter>
    </ClCompile>
    <ClCompile Include="..\framework\CmdSystem.cpp">
      <Filter>Framework</Filter>
    </ClCompile>
    <ClCompile Include="..\sys\sys_local.cpp">
      <Filter>Sys</Filter>
    </ClCompile>
    <ClCompile Include="..\framework\CVarSystem.cpp">
      <Filter>Framework</Filter>
    </ClCompile>
    <ClCompile Include="..\framework\Session.cpp">
      <Filter>Framework</Filter>
    </ClCompile>
    <ClCompile Include="..\framework\UsercmdGen.cpp">
      <Filter>Framework</Filter>
    </ClCompile>
    <ClCompile Include="..\framework\async\AsyncClient.cpp">
      <Filter>Framework\Async</Filter>
    </ClCompile>
    <ClCompile Include="..\ui\UserInterface.cpp">
      <Filter>Ui</Filter>
    </ClCompile>
    <ClCompile Include="..\framework\KeyInput.cpp">
      <Filter>Framework</Filter>
    </ClCompile>
    <ClCompile Include="..\sys\js\js_input.cpp">
      <Filter>Sys</Filter>
    </ClCompile>
    <ClCompile Include="..\framework\Console.cpp">
      <Filter>Framework</Filter>
    </ClCompile>
    <ClCompile Include="..\renderer\RenderSystem.cpp">
      <Filter>Renderer</Filter>
    </ClCompile>
    <ClCompile Include="..\framework\DeclManager.cpp">
      <Filter>Framework</Filter>
    </ClCompile>
    <ClCompile Include="..\framework\async\AsyncServer.cpp">
      <Filter>Framework\Async</Filter>
    </ClCompile>
    <ClCompile Include="..\framework\async\MsgChannel.cpp">
      <Filter>Framework\Async</Filter>
    </ClCompile>
    <ClCompile Include="..\framework\Compressor.cpp">
      <Filter>Framework</Filter>
    </ClCompile>
    <ClCompile Include="..\framework\File.cpp">
      <Filter>Framework</Filter>
    </ClCompile>
    <ClCompile Include="..\framework\EditField.cpp">
      <Filter>Framework</Filter>
    </ClCompile>
    <ClCompile Include="..\framework\DeclAF.cpp">
      <Filter>Framework</Filter>
    </ClCompile>
    <ClCompile Include="..\framework\DeclEntityDef.cpp">
      <Filter>Framework</Filter>
    </ClCompile>
    <ClCompile Include="..\framework\DeclFX.cpp">
      <Filter>Framework</Filter>
    </ClCompile>
    <ClCompile Include="..\framework\DeclParticle.cpp">
      <Filter>Framework</Filter>
    </ClCompile>
    <ClCompile Include="..\framework\DeclPDA.cpp">
      <Filter>Framework</Filter>
    </ClCompile>
    <ClCompile Include="..\framework\DeclSkin.cpp">
      <Filter>Framework</Filter>
    </ClCompile>
    <ClCompile Include="..\framework\DeclTable.cpp">
      <Filter>Framework</Filter>
    </ClCompile>
    <ClCompile Include="..\renderer\ModelManager.cpp">
      <Filter>Renderer</Filter>
    </ClCompile>
    <ClCompile Include="..\renderer\Model.cpp">
      <Filter>Renderer</Filter>
    </ClCompile>
    <ClCompile Include="..\renderer\RenderWorld.cpp">
      <Filter>Renderer</Filter>
    </ClCompile>
    <ClCompile Include="..\framework\FileSystem.cpp">
      <Filter>Framework</Filter>
    </ClCompile>
    <ClCompile Include="..\sys\js\js_main.cpp">
      <Filter>Sys</Filter>
    </ClCompile>
    <ClCompile Include="js_main_temp_start.cpp">
      <Filter>Sys</Filter>
    </ClCompile>
    <ClCompile Include="..\renderer\GuiModel.cpp">
      <Filter>Renderer</Filter>
    </ClCompile>
    <ClCompile Include="..\renderer\VertexCache.cpp">
      <Filter>Renderer</Filter>
    </ClCompile>
  </ItemGroup>
  <ItemGroup>
    <ClInclude Include="..\framework\Common.h">
      <Filter>Framework</Filter>
    </ClInclude>
    <ClInclude Include="..\sys\sys_public.h">
      <Filter>Sys</Filter>
    </ClInclude>
    <ClInclude Include="..\framework\CmdSystem.h">
      <Filter>Framework</Filter>
    </ClInclude>
    <ClInclude Include="..\sys\sys_local.h">
      <Filter>Sys</Filter>
    </ClInclude>
    <ClInclude Include="..\framework\CVarSystem.h">
      <Filter>Framework</Filter>
    </ClInclude>
    <ClInclude Include="..\framework\Session.h">
      <Filter>Framework</Filter>
    </ClInclude>
    <ClInclude Include="..\framework\Session_local.h">
      <Filter>Framework</Filter>
    </ClInclude>
    <ClInclude Include="..\framework\UsercmdGen.h">
      <Filter>Framework</Filter>
    </ClInclude>
    <ClInclude Include="..\framework\async\AsyncNetwork.h">
      <Filter>Framework\Async</Filter>
    </ClInclude>
    <ClInclude Include="..\framework\async\AsyncClient.h">
      <Filter>Framework\Async</Filter>
    </ClInclude>
    <ClInclude Include="..\ui\UserInterface.h">
      <Filter>Ui</Filter>
    </ClInclude>
    <ClInclude Include="..\ui\UserInterfaceLocal.h">
      <Filter>Ui</Filter>
    </ClInclude>
    <ClInclude Include="..\framework\Licensee.h">
      <Filter>Framework</Filter>
    </ClInclude>
    <ClInclude Include="..\framework\BuildDefines.h">
      <Filter>Framework</Filter>
    </ClInclude>
    <ClInclude Include="..\framework\BuildVersion.h">
      <Filter>Framework</Filter>
    </ClInclude>
    <ClInclude Include="..\framework\KeyInput.h">
      <Filter>Framework</Filter>
    </ClInclude>
    <ClInclude Include="..\sys\js\js_local.h">
      <Filter>Sys</Filter>
    </ClInclude>
    <ClInclude Include="..\framework\Console.h">
      <Filter>Framework</Filter>
    </ClInclude>
    <ClInclude Include="..\renderer\RenderSystem.h">
      <Filter>Renderer</Filter>
    </ClInclude>
    <ClInclude Include="..\renderer\Material.h">
      <Filter>Renderer</Filter>
    </ClInclude>
    <ClInclude Include="..\framework\DeclManager.h">
      <Filter>Framework</Filter>
    </ClInclude>
    <ClInclude Include="..\framework\async\AsyncServer.h">
      <Filter>Framework\Async</Filter>
    </ClInclude>
    <ClInclude Include="..\framework\async\MsgChannel.h">
      <Filter>Framework\Async</Filter>
    </ClInclude>
    <ClInclude Include="..\framework\Compressor.h">
      <Filter>Framework</Filter>
    </ClInclude>
    <ClInclude Include="..\framework\File.h">
      <Filter>Framework</Filter>
    </ClInclude>
    <ClInclude Include="..\framework\EditField.h">
      <Filter>Framework</Filter>
    </ClInclude>
    <ClInclude Include="..\framework\DeclAF.h">
      <Filter>Framework</Filter>
    </ClInclude>
    <ClInclude Include="..\framework\DeclEntityDef.h">
      <Filter>Framework</Filter>
    </ClInclude>
    <ClInclude Include="..\framework\DeclFX.h">
      <Filter>Framework</Filter>
    </ClInclude>
    <ClInclude Include="..\framework\DeclParticle.h">
      <Filter>Framework</Filter>
    </ClInclude>
    <ClInclude Include="..\framework\DeclPDA.h">
      <Filter>Framework</Filter>
    </ClInclude>
    <ClInclude Include="..\framework\DeclSkin.h">
      <Filter>Framework</Filter>
    </ClInclude>
    <ClInclude Include="..\framework\DeclTable.h">
      <Filter>Framework</Filter>
    </ClInclude>
    <ClInclude Include="..\renderer\ModelManager.h">
      <Filter>Renderer</Filter>
    </ClInclude>
    <ClInclude Include="..\renderer\Model.h">
      <Filter>Renderer</Filter>
    </ClInclude>
    <ClInclude Include="..\renderer\tr_local.h">
      <Filter>Renderer</Filter>
    </ClInclude>
    <ClInclude Include="..\renderer\RenderWorld.h">
      <Filter>Renderer</Filter>
    </ClInclude>
    <ClInclude Include="..\framework\FileSystem.h">
      <Filter>Framework</Filter>
    </ClInclude>
    <ClInclude Include="..\sound\sound.h">
      <Filter>Sound</Filter>
    </ClInclude>
    <ClInclude Include="..\renderer\qgl.h">
      <Filter>Renderer</Filter>
    </ClInclude>
    <ClInclude Include="..\renderer\Image.h">
      <Filter>Renderer</Filter>
    </ClInclude>
    <ClInclude Include="..\renderer\GuiModel.h">
      <Filter>Renderer</Filter>
    </ClInclude>
    <ClInclude Include="..\renderer\RenderWorld_local.h">
      <Filter>Renderer</Filter>
    </ClInclude>
    <ClInclude Include="..\renderer\VertexCache.h">
      <Filter>Renderer</Filter>
    </ClInclude>
  </ItemGroup>
</Project>