<?xml version="1.0" encoding="utf-8"?>
<Project ToolsVersion="4.0" xmlns="http://schemas.microsoft.com/developer/msbuild/2003">
  <ItemGroup>
    <Filter Include="BV">
      <UniqueIdentifier>{9792c78d-1372-46ca-84b1-68258048f3be}</UniqueIdentifier>
    </Filter>
    <Filter Include="Containers">
      <UniqueIdentifier>{8de8dc11-97d1-4eb8-a729-440110fa0a6f}</UniqueIdentifier>
    </Filter>
    <Filter Include="Geometry">
      <UniqueIdentifier>{f40940aa-7830-4eac-a7ed-b0e07adbd1b9}</UniqueIdentifier>
    </Filter>
    <Filter Include="Hashing">
      <UniqueIdentifier>{dffaca20-53d5-4cb7-8064-6db8e9552f6c}</UniqueIdentifier>
    </Filter>
    <Filter Include="Math">
      <UniqueIdentifier>{7dfdbea9-9fcc-4c45-a03d-c299a05c3efe}</UniqueIdentifier>
    </Filter>
    <Filter Include="Text">
      <UniqueIdentifier>{255d34b2-638f-4a65-9031-89911531a2bc}</UniqueIdentifier>
    </Filter>
  </ItemGroup>
  <ItemGroup>
    <ClCompile Include="precompiled.cpp" />
  </ItemGroup>
  <ItemGroup>
    <ClInclude Include="precompiled.h" />
  </ItemGroup>
</Project>