<?xml version="1.0" encoding="utf-8"?>
<Project ToolsVersion="4.0" xmlns="http://schemas.microsoft.com/developer/msbuild/2003">
  <ItemGroup>
    <Filter Include="BV">
      <UniqueIdentifier>{9792c78d-1372-46ca-84b1-68258048f3be}</UniqueIdentifier>
    </Filter>
    <Filter Include="Containers">
      <UniqueIdentifier>{8de8dc11-97d1-4eb8-a729-440110fa0a6f}</UniqueIdentifier>
    </Filter>
    <Filter Include="Geometry">
      <UniqueIdentifier>{f40940aa-7830-4eac-a7ed-b0e07adbd1b9}</UniqueIdentifier>
    </Filter>
    <Filter Include="Hashing">
      <UniqueIdentifier>{dffaca20-53d5-4cb7-8064-6db8e9552f6c}</UniqueIdentifier>
    </Filter>
    <Filter Include="Math">
      <UniqueIdentifier>{7dfdbea9-9fcc-4c45-a03d-c299a05c3efe}</UniqueIdentifier>
    </Filter>
    <Filter Include="Text">
      <UniqueIdentifier>{255d34b2-638f-4a65-9031-89911531a2bc}</UniqueIdentifier>
    </Filter>
  </ItemGroup>
  <ItemGroup>
    <ClCompile Include="bv\Bounds.cpp">
      <Filter>BV</Filter>
    </ClCompile>
    <ClCompile Include="bv\Box.cpp">
      <Filter>BV</Filter>
    </ClCompile>
    <ClCompile Include="bv\Frustum.cpp">
      <Filter>BV</Filter>
    </ClCompile>
    <ClCompile Include="bv\Frustum_gcc.cpp">
      <Filter>BV</Filter>
    </ClCompile>
    <ClCompile Include="bv\Sphere.cpp">
      <Filter>BV</Filter>
    </ClCompile>
    <ClCompile Include="containers\HashIndex.cpp">
      <Filter>Containers</Filter>
    </ClCompile>
    <ClCompile Include="geometry\DrawVert.cpp">
      <Filter>Geometry</Filter>
    </ClCompile>
    <ClCompile Include="geometry\JointTransform.cpp">
      <Filter>Geometry</Filter>
    </ClCompile>
    <ClCompile Include="geometry\Surface.cpp">
      <Filter>Geometry</Filter>
    </ClCompile>
    <ClCompile Include="geometry\Surface_Patch.cpp">
      <Filter>Geometry</Filter>
    </ClCompile>
    <ClCompile Include="geometry\Surface_Polytope.cpp">
      <Filter>Geometry</Filter>
    </ClCompile>
    <ClCompile Include="geometry\Surface_SweptSpline.cpp">
      <Filter>Geometry</Filter>
    </ClCompile>
    <ClCompile Include="geometry\TraceModel.cpp">
      <Filter>Geometry</Filter>
    </ClCompile>
    <ClCompile Include="geometry\Winding.cpp">
      <Filter>Geometry</Filter>
    </ClCompile>
    <ClCompile Include="geometry\Winding2D.cpp">
      <Filter>Geometry</Filter>
    </ClCompile>
    <ClCompile Include="hashing\CRC32.cpp">
      <Filter>Hashing</Filter>
    </ClCompile>
    <ClCompile Include="hashing\MD4.cpp">
      <Filter>Hashing</Filter>
    </ClCompile>
    <ClCompile Include="hashing\MD5.cpp">
      <Filter>Hashing</Filter>
    </ClCompile>
    <ClCompile Include="math\Angles.cpp">
      <Filter>Math</Filter>
    </ClCompile>
    <ClCompile Include="math\Complex.cpp">
      <Filter>Math</Filter>
    </ClCompile>
    <ClCompile Include="math\Lcp.cpp">
      <Filter>Math</Filter>
    </ClCompile>
    <ClCompile Include="math\Math.cpp">
      <Filter>Math</Filter>
    </ClCompile>
    <ClCompile Include="math\Matrix.cpp">
      <Filter>Math</Filter>
    </ClCompile>
    <ClCompile Include="math\Ode.cpp">
      <Filter>Math</Filter>
    </ClCompile>
    <ClCompile Include="math\Plane.cpp">
      <Filter>Math</Filter>
    </ClCompile>
    <ClCompile Include="math\Pluecker.cpp">
      <Filter>Math</Filter>
    </ClCompile>
    <ClCompile Include="math\Polynomial.cpp">
      <Filter>Math</Filter>
    </ClCompile>
    <ClCompile Include="math\Quat.cpp">
      <Filter>Math</Filter>
    </ClCompile>
    <ClCompile Include="math\Rotation.cpp">
      <Filter>Math</Filter>
    </ClCompile>
    <ClCompile Include="math\Simd.cpp">
      <Filter>Math</Filter>
    </ClCompile>
    <ClCompile Include="math\Simd_3DNow.cpp">
      <Filter>Math</Filter>
    </ClCompile>
    <ClCompile Include="math\Simd_AltiVec.cpp">
      <Filter>Math</Filter>
    </ClCompile>
    <ClCompile Include="math\Simd_Generic.cpp">
      <Filter>Math</Filter>
    </ClCompile>
    <ClCompile Include="math\Simd_MMX.cpp">
      <Filter>Math</Filter>
    </ClCompile>
    <ClCompile Include="math\Simd_SSE.cpp">
      <Filter>Math</Filter>
    </ClCompile>
    <ClCompile Include="math\Simd_SSE2.cpp">
      <Filter>Math</Filter>
    </ClCompile>
    <ClCompile Include="math\Simd_SSE3.cpp">
      <Filter>Math</Filter>
    </ClCompile>
    <ClCompile Include="math\Vector.cpp">
      <Filter>Math</Filter>
    </ClCompile>
    <ClCompile Include="Base64.cpp">
      <Filter>Text</Filter>
    </ClCompile>
    <ClCompile Include="CmdArgs.cpp">
      <Filter>Text</Filter>
    </ClCompile>
    <ClCompile Include="Lexer.cpp">
      <Filter>Text</Filter>
    </ClCompile>
    <ClCompile Include="Parser.cpp">
      <Filter>Text</Filter>
    </ClCompile>
    <ClCompile Include="Str.cpp">
      <Filter>Text</Filter>
    </ClCompile>
    <ClCompile Include="Token.cpp">
      <Filter>Text</Filter>
    </ClCompile>
    <ClCompile Include="BitMsg.cpp" />
    <ClCompile Include="Dict.cpp" />
    <ClCompile Include="Heap.cpp" />
    <ClCompile Include="LangDict.cpp" />
    <ClCompile Include="Lib.cpp" />
    <ClCompile Include="MapFile.cpp" />
    <ClCompile Include="precompiled.cpp" />
    <ClCompile Include="Timer.cpp" />
  </ItemGroup>
  <ItemGroup>
    <ClInclude Include="bv\Bounds.h">
      <Filter>BV</Filter>
    </ClInclude>
    <ClInclude Include="bv\Box.h">
      <Filter>BV</Filter>
    </ClInclude>
    <ClInclude Include="bv\Frustum.h">
      <Filter>BV</Filter>
    </ClInclude>
    <ClInclude Include="bv\Sphere.h">
      <Filter>BV</Filter>
    </ClInclude>
    <ClInclude Include="containers\BinSearch.h">
      <Filter>Containers</Filter>
    </ClInclude>
    <ClInclude Include="containers\BTree.h">
      <Filter>Containers</Filter>
    </ClInclude>
    <ClInclude Include="containers\HashIndex.h">
      <Filter>Containers</Filter>
    </ClInclude>
    <ClInclude Include="containers\HashTable.h">
      <Filter>Containers</Filter>
    </ClInclude>
    <ClInclude Include="containers\Hierarchy.h">
      <Filter>Containers</Filter>
    </ClInclude>
    <ClInclude Include="containers\LinkList.h">
      <Filter>Containers</Filter>
    </ClInclude>
    <ClInclude Include="containers\List.h">
      <Filter>Containers</Filter>
    </ClInclude>
    <ClInclude Include="containers\PlaneSet.h">
      <Filter>Containers</Filter>
    </ClInclude>
    <ClInclude Include="containers\Queue.h">
      <Filter>Containers</Filter>
    </ClInclude>
    <ClInclude Include="containers\Stack.h">
      <Filter>Containers</Filter>
    </ClInclude>
    <ClInclude Include="containers\StaticList.h">
      <Filter>Containers</Filter>
    </ClInclude>
    <ClInclude Include="containers\StrList.h">
      <Filter>Containers</Filter>
    </ClInclude>
    <ClInclude Include="containers\StrPool.h">
      <Filter>Containers</Filter>
    </ClInclude>
    <ClInclude Include="containers\VectorSet.h">
      <Filter>Containers</Filter>
    </ClInclude>
    <ClInclude Include="geometry\DrawVert.h">
      <Filter>Geometry</Filter>
    </ClInclude>
    <ClInclude Include="geometry\JointTransform.h">
      <Filter>Geometry</Filter>
    </ClInclude>
    <ClInclude Include="geometry\Surface.h">
      <Filter>Geometry</Filter>
    </ClInclude>
    <ClInclude Include="geometry\Surface_Patch.h">
      <Filter>Geometry</Filter>
    </ClInclude>
    <ClInclude Include="geometry\Surface_Polytope.h">
      <Filter>Geometry</Filter>
    </ClInclude>
    <ClInclude Include="geometry\Surface_SweptSpline.h">
      <Filter>Geometry</Filter>
    </ClInclude>
    <ClInclude Include="geometry\TraceModel.h">
      <Filter>Geometry</Filter>
    </ClInclude>
    <ClInclude Include="geometry\Winding.h">
      <Filter>Geometry</Filter>
    </ClInclude>
    <ClInclude Include="geometry\Winding2D.h">
      <Filter>Geometry</Filter>
    </ClInclude>
    <ClInclude Include="hashing\CRC32.h">
      <Filter>Hashing</Filter>
    </ClInclude>
    <ClInclude Include="hashing\MD4.h">
      <Filter>Hashing</Filter>
    </ClInclude>
    <ClInclude Include="hashing\MD5.h">
      <Filter>Hashing</Filter>
    </ClInclude>
    <ClInclude Include="math\Angles.h">
      <Filter>Math</Filter>
    </ClInclude>
    <ClInclude Include="math\Complex.h">
      <Filter>Math</Filter>
    </ClInclude>
    <ClInclude Include="math\Curve.h">
      <Filter>Math</Filter>
    </ClInclude>
    <ClInclude Include="math\Extrapolate.h">
      <Filter>Math</Filter>
    </ClInclude>
    <ClInclude Include="math\Interpolate.h">
      <Filter>Math</Filter>
    </ClInclude>
    <ClInclude Include="math\Lcp.h">
      <Filter>Math</Filter>
    </ClInclude>
    <ClInclude Include="math\Math.h">
      <Filter>Math</Filter>
    </ClInclude>
    <ClInclude Include="math\Matrix.h">
      <Filter>Math</Filter>
    </ClInclude>
    <ClInclude Include="math\Ode.h">
      <Filter>Math</Filter>
    </ClInclude>
    <ClInclude Include="math\Plane.h">
      <Filter>Math</Filter>
    </ClInclude>
    <ClInclude Include="math\Pluecker.h">
      <Filter>Math</Filter>
    </ClInclude>
    <ClInclude Include="math\Polynomial.h">
      <Filter>Math</Filter>
    </ClInclude>
    <ClInclude Include="math\Quat.h">
      <Filter>Math</Filter>
    </ClInclude>
    <ClInclude Include="math\Random.h">
      <Filter>Math</Filter>
    </ClInclude>
    <ClInclude Include="math\Rotation.h">
      <Filter>Math</Filter>
    </ClInclude>
    <ClInclude Include="math\Simd.h">
      <Filter>Math</Filter>
    </ClInclude>
    <ClInclude Include="math\Simd_3DNow.h">
      <Filter>Math</Filter>
    </ClInclude>
    <ClInclude Include="math\Simd_AltiVec.h">
      <Filter>Math</Filter>
    </ClInclude>
    <ClInclude Include="math\Simd_Generic.h">
      <Filter>Math</Filter>
    </ClInclude>
    <ClInclude Include="math\Simd_MMX.h">
      <Filter>Math</Filter>
    </ClInclude>
    <ClInclude Include="math\Simd_SSE.h">
      <Filter>Math</Filter>
    </ClInclude>
    <ClInclude Include="math\Simd_SSE2.h">
      <Filter>Math</Filter>
    </ClInclude>
    <ClInclude Include="math\Simd_SSE3.h">
      <Filter>Math</Filter>
    </ClInclude>
    <ClInclude Include="math\Vector.h">
      <Filter>Math</Filter>
    </ClInclude>
    <ClInclude Include="Base64.h">
      <Filter>Text</Filter>
    </ClInclude>
    <ClInclude Include="CmdArgs.h">
      <Filter>Text</Filter>
    </ClInclude>
    <ClInclude Include="Lexer.h">
      <Filter>Text</Filter>
    </ClInclude>
    <ClInclude Include="Parser.h">
      <Filter>Text</Filter>
    </ClInclude>
    <ClInclude Include="Str.h">
      <Filter>Text</Filter>
    </ClInclude>
    <ClInclude Include="Token.h">
      <Filter>Text</Filter>
    </ClInclude>
    <ClInclude Include="BitMsg.h" />
    <ClInclude Include="Dict.h" />
    <ClInclude Include="Heap.h" />
    <ClInclude Include="LangDict.h" />
    <ClInclude Include="Lib.h" />
    <ClInclude Include="MapFile.h" />
    <ClInclude Include="precompiled.h" />
    <ClInclude Include="Timer.h" />
  </ItemGroup>
</Project>