<?xml version="1.0" encoding="utf-8"?>
<Project ToolsVersion="4.0" xmlns="http://schemas.microsoft.com/developer/msbuild/2003">
  <ItemGroup>
    <Filter Include="BV">
      <UniqueIdentifier>{9792c78d-1372-46ca-84b1-68258048f3be}</UniqueIdentifier>
    </Filter>
    <Filter Include="Containers">
      <UniqueIdentifier>{8de8dc11-97d1-4eb8-a729-440110fa0a6f}</UniqueIdentifier>
    </Filter>
    <Filter Include="Geometry">
      <UniqueIdentifier>{f40940aa-7830-4eac-a7ed-b0e07adbd1b9}</UniqueIdentifier>
    </Filter>
    <Filter Include="Hashing">
      <UniqueIdentifier>{dffaca20-53d5-4cb7-8064-6db8e9552f6c}</UniqueIdentifier>
    </Filter>
    <Filter Include="Math">
      <UniqueIdentifier>{7dfdbea9-9fcc-4c45-a03d-c299a05c3efe}</UniqueIdentifier>
    </Filter>
    <Filter Include="Text">
      <UniqueIdentifier>{255d34b2-638f-4a65-9031-89911531a2bc}</UniqueIdentifier>
    </Filter>
  </ItemGroup>
  <ItemGroup>
    <ClCompile Include="precompiled.cpp" />
    <ClCompile Include="CmdArgs.cpp">
      <Filter>Text</Filter>
    </ClCompile>
    <ClCompile Include="Lib.cpp" />
    <ClCompile Include="Str.cpp">
      <Filter>Text</Filter>
    </ClCompile>
    <ClCompile Include="Heap.cpp" />
    <ClCompile Include="containers\HashIndex.cpp">
      <Filter>Containers</Filter>
    </ClCompile>
    <ClCompile Include="Dict.cpp" />
    <ClCompile Include="math\Vector.cpp">
      <Filter>Math</Filter>
    </ClCompile>
    <ClCompile Include="math\Angles.cpp">
      <Filter>Math</Filter>
    </ClCompile>
    <ClCompile Include="math\Math.cpp">
      <Filter>Math</Filter>
    </ClCompile>
    <ClCompile Include="math\Rotation.cpp">
      <Filter>Math</Filter>
    </ClCompile>
    <ClCompile Include="math\Matrix.cpp">
      <Filter>Math</Filter>
    </ClCompile>
    <ClCompile Include="math\Simd_Generic.cpp">
      <Filter>Math</Filter>
    </ClCompile>
    <ClCompile Include="math\Quat.cpp">
      <Filter>Math</Filter>
    </ClCompile>
    <ClCompile Include="math\Plane.cpp">
      <Filter>Math</Filter>
    </ClCompile>
    <ClCompile Include="geometry\JointTransform.cpp">
      <Filter>Geometry</Filter>
    </ClCompile>
    <ClCompile Include="geometry\DrawVert.cpp">
      <Filter>Geometry</Filter>
    </ClCompile>
    <ClCompile Include="bv\Bounds.cpp">
      <Filter>BV</Filter>
    </ClCompile>
    <ClCompile Include="bv\Sphere.cpp">
      <Filter>BV</Filter>
    </ClCompile>
    <ClCompile Include="bv\Box.cpp">
      <Filter>BV</Filter>
    </ClCompile>
    <ClCompile Include="bv\Frustum_gcc.cpp">
      <Filter>BV</Filter>
    </ClCompile>
    <ClCompile Include="Lexer.cpp">
      <Filter>Text</Filter>
    </ClCompile>
    <ClCompile Include="Token.cpp">
      <Filter>Text</Filter>
    </ClCompile>
    <ClCompile Include="BitMsg.cpp" />
    <ClCompile Include="Parser.cpp">
      <Filter>Text</Filter>
    </ClCompile>
    <ClCompile Include="hashing\CRC32.cpp">
      <Filter>Hashing</Filter>
    </ClCompile>
    <ClCompile Include="hashing\MD4.cpp">
      <Filter>Hashing</Filter>
    </ClCompile>
    <ClCompile Include="hashing\MD5.cpp">
      <Filter>Hashing</Filter>
    </ClCompile>
  </ItemGroup>
  <ItemGroup>
    <ClInclude Include="precompiled.h" />
    <ClInclude Include="CmdArgs.h">
      <Filter>Text</Filter>
    </ClInclude>
    <ClInclude Include="Lib.h" />
    <ClInclude Include="Str.h">
      <Filter>Text</Filter>
    </ClInclude>
    <ClInclude Include="math\Math.h">
      <Filter>Math</Filter>
    </ClInclude>
    <ClInclude Include="Heap.h" />
    <ClInclude Include="containers\HashIndex.h">
      <Filter>Containers</Filter>
    </ClInclude>
    <ClInclude Include="containers\List.h">
      <Filter>Containers</Filter>
    </ClInclude>
    <ClInclude Include="Dict.h" />
    <ClInclude Include="containers\StrPool.h">
      <Filter>Containers</Filter>
    </ClInclude>
    <ClInclude Include="math\Vector.h">
      <Filter>Math</Filter>
    </ClInclude>
    <ClInclude Include="math\Angles.h">
      <Filter>Math</Filter>
    </ClInclude>
    <ClInclude Include="math\Random.h">
      <Filter>Math</Filter>
    </ClInclude>
    <ClInclude Include="math\Rotation.h">
      <Filter>Math</Filter>
    </ClInclude>
    <ClInclude Include="math\Matrix.h">
      <Filter>Math</Filter>
    </ClInclude>
    <ClInclude Include="math\Simd_Generic.h">
      <Filter>Math</Filter>
    </ClInclude>
    <ClInclude Include="math\Quat.h">
      <Filter>Math</Filter>
    </ClInclude>
    <ClInclude Include="math\Plane.h">
      <Filter>Math</Filter>
    </ClInclude>
    <ClInclude Include="geometry\JointTransform.h">
      <Filter>Geometry</Filter>
    </ClInclude>
    <ClInclude Include="geometry\DrawVert.h">
      <Filter>Geometry</Filter>
    </ClInclude>
    <ClInclude Include="bv\Bounds.h">
      <Filter>BV</Filter>
    </ClInclude>
    <ClInclude Include="bv\Sphere.h">
      <Filter>BV</Filter>
    </ClInclude>
    <ClInclude Include="bv\Box.h">
      <Filter>BV</Filter>
    </ClInclude>
    <ClInclude Include="bv\Frustum.h">
      <Filter>BV</Filter>
    </ClInclude>
    <ClInclude Include="Lexer.h">
      <Filter>Text</Filter>
    </ClInclude>
    <ClInclude Include="Token.h">
      <Filter>Text</Filter>
    </ClInclude>
    <ClInclude Include="BitMsg.h" />
    <ClInclude Include="Parser.h">
      <Filter>Text</Filter>
    </ClInclude>
    <ClInclude Include="hashing\CRC32.h">
      <Filter>Hashing</Filter>
    </ClInclude>
    <ClInclude Include="hashing\MD4.h">
      <Filter>Hashing</Filter>
    </ClInclude>
    <ClInclude Include="hashing\MD5.h">
      <Filter>Hashing</Filter>
    </ClInclude>
  </ItemGroup>
</Project>